
Microsoft Visual Studio Solution File, Format Version 12.00
# Visual Studio Version 16
VisualStudioVersion = 16.0.29215.179
MinimumVisualStudioVersion = 10.0.40219.1
Project("{FAE04EC0-301F-11D3-BF4B-00C04F79EFBC}") = "Palindromes", "Palindromes\Palindromes.csproj", "{89C0A687-E41A-412A-91F5-B5BDD57DEB9B}"
EndProject
Global
	GlobalSection(SolutionConfigurationPlatforms) = preSolution
		Debug|Any CPU = Debug|Any CPU
		Release|Any CPU = Release|Any CPU
	EndGlobalSection
	GlobalSection(ProjectConfigurationPlatforms) = postSolution
		{89C0A687-E41A-412A-91F5-B5BDD57DEB9B}.Debug|Any CPU.ActiveCfg = Debug|Any CPU
		{89C0A687-E41A-412A-91F5-B5BDD57DEB9B}.Debug|Any CPU.Build.0 = Debug|Any CPU
		{89C0A687-E41A-412A-91F5-B5BDD57DEB9B}.Release|Any CPU.ActiveCfg = Release|Any CPU
		{89C0A687-E41A-412A-91F5-B5BDD57DEB9B}.Release|Any CPU.Build.0 = Release|Any CPU
	EndGlobalSection
	GlobalSection(SolutionProperties) = preSolution
		HideSolutionNode = FALSE
	EndGlobalSection
	GlobalSection(ExtensibilityGlobals) = postSolution
		SolutionGuid = {83D4E980-42AF-4D38-9D37-E08BBED38D3E}
	EndGlobalSection
EndGlobal
